{
  "nodes": {
    "darwin": {
      "inputs": {
        "nixpkgs": [
          "nixpkgs"
        ]
      },
      "locked": {
        "lastModified": 1661882940,
        "narHash": "sha256-4LaVFnV22WrOA0aolqqk9dXrM8crikcrLQt29G18F7M=",
        "owner": "lnl7",
        "repo": "nix-darwin",
        "rev": "80cec5115aae74accc4ccfb9f84306d7863f0632",
        "type": "github"
      },
      "original": {
        "owner": "lnl7",
        "ref": "master",
        "repo": "nix-darwin",
        "type": "github"
      }
    },
    "flake-compat": {
      "flake": false,
      "locked": {
        "lastModified": 1650374568,
        "narHash": "sha256-Z+s0J8/r907g149rllvwhb4pKi8Wam5ij0st8PwAh+E=",
        "owner": "edolstra",
        "repo": "flake-compat",
        "rev": "b4a34015c698c7793d592d66adbab377907a2be8",
        "type": "github"
      },
      "original": {
        "owner": "edolstra",
        "repo": "flake-compat",
        "type": "github"
      }
    },
    "flake-utils": {
      "locked": {
        "lastModified": 1644229661,
        "narHash": "sha256-1YdnJAsNy69bpcjuoKdOYQX0YxZBiCYZo4Twxerqv7k=",
        "owner": "numtide",
        "repo": "flake-utils",
        "rev": "3cecb5b042f7f209c56ffd8371b2711a290ec797",
        "type": "github"
      },
      "original": {
        "owner": "numtide",
        "repo": "flake-utils",
        "type": "github"
      }
    },
    "flake-utils-plus": {
      "inputs": {
        "flake-utils": "flake-utils"
      },
      "locked": {
        "lastModified": 1657226504,
        "narHash": "sha256-GIYNjuq4mJlFgqKsZ+YrgzWm0IpA4axA3MCrdKYj7gs=",
        "owner": "gytis-ivaskevicius",
        "repo": "flake-utils-plus",
        "rev": "2bf0f91643c2e5ae38c1b26893ac2927ac9bd82a",
        "type": "github"
      },
      "original": {
        "owner": "gytis-ivaskevicius",
        "repo": "flake-utils-plus",
        "type": "github"
      }
    },
    "nixlib": {
      "locked": {
        "lastModified": 1636849918,
        "narHash": "sha256-nzUK6dPcTmNVrgTAC1EOybSMsrcx+QrVPyqRdyKLkjA=",
        "owner": "nix-community",
        "repo": "nixpkgs.lib",
        "rev": "28a5b0557f14124608db68d3ee1f77e9329e9dd5",
        "type": "github"
      },
      "original": {
        "owner": "nix-community",
        "repo": "nixpkgs.lib",
        "type": "github"
      }
    },
    "nixos-generators": {
      "inputs": {
        "nixlib": "nixlib",
        "nixpkgs": [
          "nixpkgs"
        ]
      },
      "locked": {
        "lastModified": 1660727616,
        "narHash": "sha256-zYTIvdPMYMx/EYqXODAwIIU30RiEHqNHdgarIHuEYZc=",
        "owner": "nix-community",
        "repo": "nixos-generators",
        "rev": "adccd191a0e83039d537e021f19495b7bad546a1",
        "type": "github"
      },
      "original": {
        "owner": "nix-community",
        "repo": "nixos-generators",
        "type": "github"
      }
    },
    "nixpkgs": {
      "locked": {
        "lastModified": 1662316000,
        "narHash": "sha256-NkJHCVi6sj1+QqqXaozSJ0K23ANmvsnDmeC/6WXo+wI=",
        "owner": "nixos",
        "repo": "nixpkgs",
        "rev": "50c62eeda9df340ff6b83a0e2343a447af04237c",
        "type": "github"
      },
      "original": {
        "owner": "nixos",
        "ref": "release-22.05",
        "repo": "nixpkgs",
        "type": "github"
      }
    },
    "root": {
      "inputs": {
        "darwin": "darwin",
        "flake-compat": "flake-compat",
        "flake-utils-plus": "flake-utils-plus",
        "nixos-generators": "nixos-generators",
        "nixpkgs": "nixpkgs"
      }
    }
  },
  "root": "root",
  "version": 7
}
